// !$*UTF8*$!
{
	archiveVersion = 1;
	classes = {
	};
	objectVersion = 46;
	objects = {

/* Begin PBXBuildFile section */
		6558A7581C5C90AB00ACDF54 /* main.m in Sources */ = {isa = PBXBuildFile; fileRef = 6558A7571C5C90AB00ACDF54 /* main.m */; };
		6558A75B1C5C90AB00ACDF54 /* AppDelegate.m in Sources */ = {isa = PBXBuildFile; fileRef = 6558A75A1C5C90AB00ACDF54 /* AppDelegate.m */; };
		6558A75E1C5C90AB00ACDF54 /* ViewController.m in Sources */ = {isa = PBXBuildFile; fileRef = 6558A75D1C5C90AB00ACDF54 /* ViewController.m */; };
		6558A7611C5C90AB00ACDF54 /* Main.storyboard in Resources */ = {isa = PBXBuildFile; fileRef = 6558A75F1C5C90AB00ACDF54 /* Main.storyboard */; };
		6558A7631C5C90AB00ACDF54 /* Assets.xcassets in Resources */ = {isa = PBXBuildFile; fileRef = 6558A7621C5C90AB00ACDF54 /* Assets.xcassets */; };
		6558A7661C5C90AB00ACDF54 /* LaunchScreen.storyboard in Resources */ = {isa = PBXBuildFile; fileRef = 6558A7641C5C90AB00ACDF54 /* LaunchScreen.storyboard */; };
		6558A7711C5C90AC00ACDF54 /* HXPlaceHolderTextViewTests.m in Sources */ = {isa = PBXBuildFile; fileRef = 6558A7701C5C90AC00ACDF54 /* HXPlaceHolderTextViewTests.m */; };
		6558A77C1C5C90AC00ACDF54 /* HXPlaceHolderTextViewUITests.m in Sources */ = {isa = PBXBuildFile; fileRef = 6558A77B1C5C90AC00ACDF54 /* HXPlaceHolderTextViewUITests.m */; };
		6558A78B1C5C90DB00ACDF54 /* HXPlaceHolderTextView.m in Sources */ = {isa = PBXBuildFile; fileRef = 6558A78A1C5C90DB00ACDF54 /* HXPlaceHolderTextView.m */; };
/* End PBXBuildFile section */

/* Begin PBXContainerItemProxy section */
		6558A76D1C5C90AC00ACDF54 /* PBXContainerItemProxy */ = {
			isa = PBXContainerItemProxy;
			containerPortal = 6558A74B1C5C90AB00ACDF54 /* Project object */;
			proxyType = 1;
			remoteGlobalIDString = 6558A7521C5C90AB00ACDF54;
			remoteInfo = HXPlaceHolderTextView;
		};
		6558A7781C5C90AC00ACDF54 /* PBXContainerItemProxy */ = {
			isa = PBXContainerItemProxy;
			containerPortal = 6558A74B1C5C90AB00ACDF54 /* Project object */;
			proxyType = 1;
			remoteGlobalIDString = 6558A7521C5C90AB00ACDF54;
			remoteInfo = HXPlaceHolderTextView;
		};
/* End PBXContainerItemProxy section */

/* Begin PBXFileReference section */
		6558A7531C5C90AB00ACDF54 /* HXPlaceHolderTextView.app */ = {isa = PBXFileReference; explicitFileType = wrapper.application; includeInIndex = 0; path = HXPlaceHolderTextView.app; sourceTree = BUILT_PRODUCTS_DIR; };
		6558A7571C5C90AB00ACDF54 /* main.m */ = {isa = PBXFileReference; lastKnownFileType = sourcecode.c.objc; path = main.m; sourceTree = "<group>"; };
		6558A7591C5C90AB00ACDF54 /* AppDelegate.h */ = {isa = PBXFileReference; lastKnownFileType = sourcecode.c.h; path = AppDelegate.h; sourceTree = "<group>"; };
		6558A75A1C5C90AB00ACDF54 /* AppDelegate.m */ = {isa = PBXFileReference; lastKnownFileType = sourcecode.c.objc; path = AppDelegate.m; sourceTree = "<group>"; };
		6558A75C1C5C90AB00ACDF54 /* ViewController.h */ = {isa = PBXFileReference; lastKnownFileType = sourcecode.c.h; path = ViewController.h; sourceTree = "<group>"; };
		6558A75D1C5C90AB00ACDF54 /* ViewController.m */ = {isa = PBXFileReference; lastKnownFileType = sourcecode.c.objc; path = ViewController.m; sourceTree = "<group>"; };
		6558A7601C5C90AB00ACDF54 /* Base */ = {isa = PBXFileReference; lastKnownFileType = file.storyboard; name = Base; path = Base.lproj/Main.storyboard; sourceTree = "<group>"; };
		6558A7621C5C90AB00ACDF54 /* Assets.xcassets */ = {isa = PBXFileReference; lastKnownFileType = folder.assetcatalog; path = Assets.xcassets; sourceTree = "<group>"; };
		6558A7651C5C90AB00ACDF54 /* Base */ = {isa = PBXFileReference; lastKnownFileType = file.storyboard; name = Base; path = Base.lproj/LaunchScreen.storyboard; sourceTree = "<group>"; };
		6558A7671C5C90AB00ACDF54 /* Info.plist */ = {isa = PBXFileReference; lastKnownFileType = text.plist.xml; path = Info.plist; sourceTree = "<group>"; };
		6558A76C1C5C90AC00ACDF54 /* HXPlaceHolderTextViewTests.xctest */ = {isa = PBXFileReference; explicitFileType = wrapper.cfbundle; includeInIndex = 0; path = HXPlaceHolderTextViewTests.xctest; sourceTree = BUILT_PRODUCTS_DIR; };
		6558A7701C5C90AC00ACDF54 /* HXPlaceHolderTextViewTests.m */ = {isa = PBXFileReference; lastKnownFileType = sourcecode.c.objc; path = HXPlaceHolderTextViewTests.m; sourceTree = "<group>"; };
		6558A7721C5C90AC00ACDF54 /* Info.plist */ = {isa = PBXFileReference; lastKnownFileType = text.plist.xml; path = Info.plist; sourceTree = "<group>"; };
		6558A7771C5C90AC00ACDF54 /* HXPlaceHolderTextViewUITests.xctest */ = {isa = PBXFileReference; explicitFileType = wrapper.cfbundle; includeInIndex = 0; path = HXPlaceHolderTextViewUITests.xctest; sourceTree = BUILT_PRODUCTS_DIR; };
		6558A77B1C5C90AC00ACDF54 /* HXPlaceHolderTextViewUITests.m */ = {isa = PBXFileReference; lastKnownFileType = sourcecode.c.objc; path = HXPlaceHolderTextViewUITests.m; sourceTree = "<group>"; };
		6558A77D1C5C90AC00ACDF54 /* Info.plist */ = {isa = PBXFileReference; lastKnownFileType = text.plist.xml; path = Info.plist; sourceTree = "<group>"; };
		6558A7891C5C90DB00ACDF54 /* HXPlaceHolderTextView.h */ = {isa = PBXFileReference; fileEncoding = 4; lastKnownFileType = sourcecode.c.h; path = HXPlaceHolderTextView.h; sourceTree = "<group>"; };
		6558A78A1C5C90DB00ACDF54 /* HXPlaceHolderTextView.m */ = {isa = PBXFileReference; fileEncoding = 4; lastKnownFileType = sourcecode.c.objc; path = HXPlaceHolderTextView.m; sourceTree = "<group>"; };
/* End PBXFileReference section */

/* Begin PBXFrameworksBuildPhase section */
		6558A7501C5C90AB00ACDF54 /* Frameworks */ = {
			isa = PBXFrameworksBuildPhase;
			buildActionMask = 2147483647;
			files = (
			);
			runOnlyForDeploymentPostprocessing = 0;
		};
		6558A7691C5C90AC00ACDF54 /* Frameworks */ = {
			isa = PBXFrameworksBuildPhase;
			buildActionMask = 2147483647;
			files = (
			);
			runOnlyForDeploymentPostprocessing = 0;
		};
		6558A7741C5C90AC00ACDF54 /* Frameworks */ = {
			isa = PBXFrameworksBuildPhase;
			buildActionMask = 2147483647;
			files = (
			);
			runOnlyForDeploymentPostprocessing = 0;
		};
/* End PBXFrameworksBuildPhase section */

/* Begin PBXGroup section */
		6558A74A1C5C90AB00ACDF54 = {
			isa = PBXGroup;
			children = (
				6558A7551C5C90AB00ACDF54 /* HXPlaceHolderTextView */,
				6558A76F1C5C90AC00ACDF54 /* HXPlaceHolderTextViewTests */,
				6558A77A1C5C90AC00ACDF54 /* HXPlaceHolderTextViewUITests */,
				6558A7541C5C90AB00ACDF54 /* Products */,
			);
			sourceTree = "<group>";
		};
		6558A7541C5C90AB00ACDF54 /* Products */ = {
			isa = PBXGroup;
			children = (
				6558A7531C5C90AB00ACDF54 /* HXPlaceHolderTextView.app */,
				6558A76C1C5C90AC00ACDF54 /* HXPlaceHolderTextViewTests.xctest */,
				6558A7771C5C90AC00ACDF54 /* HXPlaceHolderTextViewUITests.xctest */,
			);
			name = Products;
			sourceTree = "<group>";
		};
		6558A7551C5C90AB00ACDF54 /* HXPlaceHolderTextView */ = {
			isa = PBXGroup;
			children = (
				6558A7591C5C90AB00ACDF54 /* AppDelegate.h */,
				6558A75A1C5C90AB00ACDF54 /* AppDelegate.m */,
				6558A75C1C5C90AB00ACDF54 /* ViewController.h */,
				6558A75D1C5C90AB00ACDF54 /* ViewController.m */,
				6558A75F1C5C90AB00ACDF54 /* Main.storyboard */,
				6558A7621C5C90AB00ACDF54 /* Assets.xcassets */,
				6558A7641C5C90AB00ACDF54 /* LaunchScreen.storyboard */,
				6558A7671C5C90AB00ACDF54 /* Info.plist */,
				6558A7561C5C90AB00ACDF54 /* Supporting Files */,
				6558A7891C5C90DB00ACDF54 /* HXPlaceHolderTextView.h */,
				6558A78A1C5C90DB00ACDF54 /* HXPlaceHolderTextView.m */,
			);
			path = HXPlaceHolderTextView;
			sourceTree = "<group>";
		};
		6558A7561C5C90AB00ACDF54 /* Supporting Files */ = {
			isa = PBXGroup;
			children = (
				6558A7571C5C90AB00ACDF54 /* main.m */,
			);
			name = "Supporting Files";
			sourceTree = "<group>";
		};
		6558A76F1C5C90AC00ACDF54 /* HXPlaceHolderTextViewTests */ = {
			isa = PBXGroup;
			children = (
				6558A7701C5C90AC00ACDF54 /* HXPlaceHolderTextViewTests.m */,
				6558A7721C5C90AC00ACDF54 /* Info.plist */,
			);
			path = HXPlaceHolderTextViewTests;
			sourceTree = "<group>";
		};
		6558A77A1C5C90AC00ACDF54 /* HXPlaceHolderTextViewUITests */ = {
			isa = PBXGroup;
			children = (
				6558A77B1C5C90AC00ACDF54 /* HXPlaceHolderTextViewUITests.m */,
				6558A77D1C5C90AC00ACDF54 /* Info.plist */,
			);
			path = HXPlaceHolderTextViewUITests;
			sourceTree = "<group>";
		};
/* End PBXGroup section */

/* Begin PBXNativeTarget section */
		6558A7521C5C90AB00ACDF54 /* HXPlaceHolderTextView */ = {
			isa = PBXNativeTarget;
			buildConfigurationList = 6558A7801C5C90AC00ACDF54 /* Build configuration list for PBXNativeTarget "HXPlaceHolderTextView" */;
			buildPhases = (
				6558A74F1C5C90AB00ACDF54 /* Sources */,
				6558A7501C5C90AB00ACDF54 /* Frameworks */,
				6558A7511C5C90AB00ACDF54 /* Resources */,
			);
			buildRules = (
			);
			dependencies = (
			);
			name = HXPlaceHolderTextView;
			productName = HXPlaceHolderTextView;
			productReference = 6558A7531C5C90AB00ACDF54 /* HXPlaceHolderTextView.app */;
			productType = "com.apple.product-type.application";
		};
		6558A76B1C5C90AC00ACDF54 /* HXPlaceHolderTextViewTests */ = {
			isa = PBXNativeTarget;
			buildConfigurationList = 6558A7831C5C90AC00ACDF54 /* Build configuration list for PBXNativeTarget "HXPlaceHolderTextViewTests" */;
			buildPhases = (
				6558A7681C5C90AC00ACDF54 /* Sources */,
				6558A7691C5C90AC00ACDF54 /* Frameworks */,
				6558A76A1C5C90AC00ACDF54 /* Resources */,
			);
			buildRules = (
			);
			dependencies = (
				6558A76E1C5C90AC00ACDF54 /* PBXTargetDependency */,
			);
			name = HXPlaceHolderTextViewTests;
			productName = HXPlaceHolderTextViewTests;
			productReference = 6558A76C1C5C90AC00ACDF54 /* HXPlaceHolderTextViewTests.xctest */;
			productType = "com.apple.product-type.bundle.unit-test";
		};
		6558A7761C5C90AC00ACDF54 /* HXPlaceHolderTextViewUITests */ = {
			isa = PBXNativeTarget;
			buildConfigurationList = 6558A7861C5C90AC00ACDF54 /* Build configuration list for PBXNativeTarget "HXPlaceHolderTextViewUITests" */;
			buildPhases = (
				6558A7731C5C90AC00ACDF54 /* Sources */,
				6558A7741C5C90AC00ACDF54 /* Frameworks */,
				6558A7751C5C90AC00ACDF54 /* Resources */,
			);
			buildRules = (
			);
			dependencies = (
				6558A7791C5C90AC00ACDF54 /* PBXTargetDependency */,
			);
			name = HXPlaceHolderTextViewUITests;
			productName = HXPlaceHolderTextViewUITests;
			productReference = 6558A7771C5C90AC00ACDF54 /* HXPlaceHolderTextViewUITests.xctest */;
			productType = "com.apple.product-type.bundle.ui-testing";
		};
/* End PBXNativeTarget section */

/* Begin PBXProject section */
		6558A74B1C5C90AB00ACDF54 /* Project object */ = {
			isa = PBXProject;
			attributes = {
				LastUpgradeCheck = 0720;
				ORGANIZATIONNAME = huangxu;
				TargetAttributes = {
					6558A7521C5C90AB00ACDF54 = {
						CreatedOnToolsVersion = 7.2;
					};
					6558A76B1C5C90AC00ACDF54 = {
						CreatedOnToolsVersion = 7.2;
						TestTargetID = 6558A7521C5C90AB00ACDF54;
					};
					6558A7761C5C90AC00ACDF54 = {
						CreatedOnToolsVersion = 7.2;
						TestTargetID = 6558A7521C5C90AB00ACDF54;
					};
				};
			};
			buildConfigurationList = 6558A74E1C5C90AB00ACDF54 /* Build configuration list for PBXProject "HXPlaceHolderTextView" */;
			compatibilityVersion = "Xcode 3.2";
			developmentRegion = English;
			hasScannedForEncodings = 0;
			knownRegions = (
				en,
				Base,
			);
			mainGroup = 6558A74A1C5C90AB00ACDF54;
			productRefGroup = 6558A7541C5C90AB00ACDF54 /* Products */;
			projectDirPath = "";
			projectRoot = "";
			targets = (
				6558A7521C5C90AB00ACDF54 /* HXPlaceHolderTextView */,
				6558A76B1C5C90AC00ACDF54 /* HXPlaceHolderTextViewTests */,
				6558A7761C5C90AC00ACDF54 /* HXPlaceHolderTextViewUITests */,
			);
		};
/* End PBXProject section */

/* Begin PBXResourcesBuildPhase section */
		6558A7511C5C90AB00ACDF54 /* Resources */ = {
			isa = PBXResourcesBuildPhase;
			buildActionMask = 2147483647;
			files = (
				6558A7661C5C90AB00ACDF54 /* LaunchScreen.storyboard in Resources */,
				6558A7631C5C90AB00ACDF54 /* Assets.xcassets in Resources */,
				6558A7611C5C90AB00ACDF54 /* Main.storyboard in Resources */,
			);
			runOnlyForDeploymentPostprocessing = 0;
		};
		6558A76A1C5C90AC00ACDF54 /* Resources */ = {
			isa = PBXResourcesBuildPhase;
			buildActionMask = 2147483647;
			files = (
			);
			runOnlyForDeploymentPostprocessing = 0;
		};
		6558A7751C5C90AC00ACDF54 /* Resources */ = {
			isa = PBXResourcesBuildPhase;
			buildActionMask = 2147483647;
			files = (
			);
			runOnlyForDeploymentPostprocessing = 0;
		};
/* End PBXResourcesBuildPhase section */

/* Begin PBXSourcesBuildPhase section */
		6558A74F1C5C90AB00ACDF54 /* Sources */ = {
			isa = PBXSourcesBuildPhase;
			buildActionMask = 2147483647;
			files = (
				6558A75E1C5C90AB00ACDF54 /* ViewController.m in Sources */,
				6558A78B1C5C90DB00ACDF54 /* HXPlaceHolderTextView.m in Sources */,
				6558A75B1C5C90AB00ACDF54 /* AppDelegate.m in Sources */,
				6558A7581C5C90AB00ACDF54 /* main.m in Sources */,
			);
			runOnlyForDeploymentPostprocessing = 0;
		};
		6558A7681C5C90AC00ACDF54 /* Sources */ = {
			isa = PBXSourcesBuildPhase;
			buildActionMask = 2147483647;
			files = (
				6558A7711C5C90AC00ACDF54 /* HXPlaceHolderTextViewTests.m in Sources */,
			);
			runOnlyForDeploymentPostprocessing = 0;
		};
		6558A7731C5C90AC00ACDF54 /* Sources */ = {
			isa = PBXSourcesBuildPhase;
			buildActionMask = 2147483647;
			files = (
				6558A77C1C5C90AC00ACDF54 /* HXPlaceHolderTextViewUITests.m in Sources */,
			);
			runOnlyForDeploymentPostprocessing = 0;
		};
/* End PBXSourcesBuildPhase section */

/* Begin PBXTargetDependency section */
		6558A76E1C5C90AC00ACDF54 /* PBXTargetDependency */ = {
			isa = PBXTargetDependency;
			target = 6558A7521C5C90AB00ACDF54 /* HXPlaceHolderTextView */;
			targetProxy = 6558A76D1C5C90AC00ACDF54 /* PBXContainerItemProxy */;
		};
		6558A7791C5C90AC00ACDF54 /* PBXTargetDependency */ = {
			isa = PBXTargetDependency;
			target = 6558A7521C5C90AB00ACDF54 /* HXPlaceHolderTextView */;
			targetProxy = 6558A7781C5C90AC00ACDF54 /* PBXContainerItemProxy */;
		};
/* End PBXTargetDependency section */

/* Begin PBXVariantGroup section */
		6558A75F1C5C90AB00ACDF54 /* Main.storyboard */ = {
			isa = PBXVariantGroup;
			children = (
				6558A7601C5C90AB00ACDF54 /* Base */,
			);
			name = Main.storyboard;
			sourceTree = "<group>";
		};
		6558A7641C5C90AB00ACDF54 /* LaunchScreen.storyboard */ = {
			isa = PBXVariantGroup;
			children = (
				6558A7651C5C90AB00ACDF54 /* Base */,
			);
			name = LaunchScreen.storyboard;
			sourceTree = "<group>";
		};
/* End PBXVariantGroup section */

/* Begin XCBuildConfiguration section */
		6558A77E1C5C90AC00ACDF54 /* Debug */ = {
			isa = XCBuildConfiguration;
			buildSettings = {
				ALWAYS_SEARCH_USER_PATHS = NO;
				CLANG_CXX_LANGUAGE_STANDARD = "gnu++0x";
				CLANG_CXX_LIBRARY = "libc++";
				CLANG_ENABLE_MODULES = YES;
				CLANG_ENABLE_OBJC_ARC = YES;
				CLANG_WARN_BOOL_CONVERSION = YES;
				CLANG_WARN_CONSTANT_CONVERSION = YES;
				CLANG_WARN_DIRECT_OBJC_ISA_USAGE = YES_ERROR;
				CLANG_WARN_EMPTY_BODY = YES;
				CLANG_WARN_ENUM_CONVERSION = YES;
				CLANG_WARN_INT_CONVERSION = YES;
				CLANG_WARN_OBJC_ROOT_CLASS = YES_ERROR;
				CLANG_WARN_UNREACHABLE_CODE = YES;
				CLANG_WARN__DUPLICATE_METHOD_MATCH = YES;
				"CODE_SIGN_IDENTITY[sdk=iphoneos*]" = "iPhone Developer";
				COPY_PHASE_STRIP = NO;
				DEBUG_INFORMATION_FORMAT = dwarf;
				ENABLE_STRICT_OBJC_MSGSEND = YES;
				ENABLE_TESTABILITY = YES;
				GCC_C_LANGUAGE_STANDARD = gnu99;
				GCC_DYNAMIC_NO_PIC = NO;
				GCC_NO_COMMON_BLOCKS = YES;
				GCC_OPTIMIZATION_LEVEL = 0;
				GCC_PREPROCESSOR_DEFINITIONS = (
					"DEBUG=1",
					"$(inherited)",
				);
				GCC_WARN_64_TO_32_BIT_CONVERSION = YES;
				GCC_WARN_ABOUT_RETURN_TYPE = YES_ERROR;
				GCC_WARN_UNDECLARED_SELECTOR = YES;
				GCC_WARN_UNINITIALIZED_AUTOS = YES_AGGRESSIVE;
				GCC_WARN_UNUSED_FUNCTION = YES;
				GCC_WARN_UNUSED_VARIABLE = YES;
				IPHONEOS_DEPLOYMENT_TARGET = 9.2;
				MTL_ENABLE_DEBUG_INFO = YES;
				ONLY_ACTIVE_ARCH = YES;
				SDKROOT = iphoneos;
			};
			name = Debug;
		};
		6558A77F1C5C90AC00ACDF54 /* Release */ = {
			isa = XCBuildConfiguration;
			buildSettings = {
				ALWAYS_SEARCH_USER_PATHS = NO;
				CLANG_CXX_LANGUAGE_STANDARD = "gnu++0x";
				CLANG_CXX_LIBRARY = "libc++";
				CLANG_ENABLE_MODULES = YES;
				CLANG_ENABLE_OBJC_ARC = YES;
				CLANG_WARN_BOOL_CONVERSION = YES;
				CLANG_WARN_CONSTANT_CONVERSION = YES;
				CLANG_WARN_DIRECT_OBJC_ISA_USAGE = YES_ERROR;
				CLANG_WARN_EMPTY_BODY = YES;
				CLANG_WARN_ENUM_CONVERSION = YES;
				CLANG_WARN_INT_CONVERSION = YES;
				CLANG_WARN_OBJC_ROOT_CLASS = YES_ERROR;
				CLANG_WARN_UNREACHABLE_CODE = YES;
				CLANG_WARN__DUPLICATE_METHOD_MATCH = YES;
				"CODE_SIGN_IDENTITY[sdk=iphoneos*]" = "iPhone Developer";
				COPY_PHASE_STRIP = NO;
				DEBUG_INFORMATION_FORMAT = "dwarf-with-dsym";
				ENABLE_NS_ASSERTIONS = NO;
				ENABLE_STRICT_OBJC_MSGSEND = YES;
				GCC_C_LANGUAGE_STANDARD = gnu99;
				GCC_NO_COMMON_BLOCKS = YES;
				GCC_WARN_64_TO_32_BIT_CONVERSION = YES;
				GCC_WARN_ABOUT_RETURN_TYPE = YES_ERROR;
				GCC_WARN_UNDECLARED_SELECTOR = YES;
				GCC_WARN_UNINITIALIZED_AUTOS = YES_AGGRESSIVE;
				GCC_WARN_UNUSED_FUNCTION = YES;
				GCC_WARN_UNUSED_VARIABLE = YES;
				IPHONEOS_DEPLOYMENT_TARGET = 9.2;
				MTL_ENABLE_DEBUG_INFO = NO;
				SDKROOT = iphoneos;
				VALIDATE_PRODUCT = YES;
			};
			name = Release;
		};
		6558A7811C5C90AC00ACDF54 /* Debug */ = {
			isa = XCBuildConfiguration;
			buildSettings = {
				ASSETCATALOG_COMPILER_APPICON_NAME = AppIcon;
				INFOPLIST_FILE = HXPlaceHolderTextView/Info.plist;
				LD_RUNPATH_SEARCH_PATHS = "$(inherited) @executable_path/Frameworks";
				PRODUCT_BUNDLE_IDENTIFIER = huangxu.HXPlaceHolderTextView;
				PRODUCT_NAME = "$(TARGET_NAME)";
			};
			name = Debug;
		};
		6558A7821C5C90AC00ACDF54 /* Release */ = {
			isa = XCBuildConfiguration;
			buildSettings = {
				ASSETCATALOG_COMPILER_APPICON_NAME = AppIcon;
				INFOPLIST_FILE = HXPlaceHolderTextView/Info.plist;
				LD_RUNPATH_SEARCH_PATHS = "$(inherited) @executable_path/Frameworks";
				PRODUCT_BUNDLE_IDENTIFIER = huangxu.HXPlaceHolderTextView;
				PRODUCT_NAME = "$(TARGET_NAME)";
			};
			name = Release;
		};
		6558A7841C5C90AC00ACDF54 /* Debug */ = {
			isa = XCBuildConfiguration;
			buildSettings = {
				BUNDLE_LOADER = "$(TEST_HOST)";
				INFOPLIST_FILE = HXPlaceHolderTextViewTests/Info.plist;
				LD_RUNPATH_SEARCH_PATHS = "$(inherited) @executable_path/Frameworks @loader_path/Frameworks";
				PRODUCT_BUNDLE_IDENTIFIER = huangxu.HXPlaceHolderTextViewTests;
				PRODUCT_NAME = "$(TARGET_NAME)";
				TEST_HOST = "$(BUILT_PRODUCTS_DIR)/HXPlaceHolderTextView.app/HXPlaceHolderTextView";
			};
			name = Debug;
		};
		6558A7851C5C90AC00ACDF54 /* Release */ = {
			isa = XCBuildConfiguration;
			buildSettings = {
				BUNDLE_LOADER = "$(TEST_HOST)";
				INFOPLIST_FILE = HXPlaceHolderTextViewTests/Info.plist;
				LD_RUNPATH_SEARCH_PATHS = "$(inherited) @executable_path/Frameworks @loader_path/Frameworks";
				PRODUCT_BUNDLE_IDENTIFIER = huangxu.HXPlaceHolderTextViewTests;
				PRODUCT_NAME = "$(TARGET_NAME)";
				TEST_HOST = "$(BUILT_PRODUCTS_DIR)/HXPlaceHolderTextView.app/HXPlaceHolderTextView";
			};
			name = Release;
		};
		6558A7871C5C90AC00ACDF54 /* Debug */ = {
			isa = XCBuildConfiguration;
			buildSettings = {
				INFOPLIST_FILE = HXPlaceHolderTextViewUITests/Info.plist;
				LD_RUNPATH_SEARCH_PATHS = "$(inherited) @executable_path/Frameworks @loader_path/Frameworks";
				PRODUCT_BUNDLE_IDENTIFIER = huangxu.HXPlaceHolderTextViewUITests;
				PRODUCT_NAME = "$(TARGET_NAME)";
				TEST_TARGET_NAME = HXPlaceHolderTextView;
				USES_XCTRUNNER = YES;
			};
			name = Debug;
		};
		6558A7881C5C90AC00ACDF54 /* Release */ = {
			isa = XCBuildConfiguration;
			buildSettings = {
				INFOPLIST_FILE = HXPlaceHolderTextViewUITests/Info.plist;
				LD_RUNPATH_SEARCH_PATHS = "$(inherited) @executable_path/Frameworks @loader_path/Frameworks";
				PRODUCT_BUNDLE_IDENTIFIER = huangxu.HXPlaceHolderTextViewUITests;
				PRODUCT_NAME = "$(TARGET_NAME)";
				TEST_TARGET_NAME = HXPlaceHolderTextView;
				USES_XCTRUNNER = YES;
			};
			name = Release;
		};
/* End XCBuildConfiguration section */

/* Begin XCConfigurationList section */
		6558A74E1C5C90AB00ACDF54 /* Build configuration list for PBXProject "HXPlaceHolderTextView" */ = {
			isa = XCConfigurationList;
			buildConfigurations = (
				6558A77E1C5C90AC00ACDF54 /* Debug */,
				6558A77F1C5C90AC00ACDF54 /* Release */,
			);
			defaultConfigurationIsVisible = 0;
			defaultConfigurationName = Release;
		};
		6558A7801C5C90AC00ACDF54 /* Build configuration list for PBXNativeTarget "HXPlaceHolderTextView" */ = {
			isa = XCConfigurationList;
			buildConfigurations = (
				6558A7811C5C90AC00ACDF54 /* Debug */,
				6558A7821C5C90AC00ACDF54 /* Release */,
			);
			defaultConfigurationIsVisible = 0;
			defaultConfigurationName = Release;
		};
		6558A7831C5C90AC00ACDF54 /* Build configuration list for PBXNativeTarget "HXPlaceHolderTextViewTests" */ = {
			isa = XCConfigurationList;
			buildConfigurations = (
				6558A7841C5C90AC00ACDF54 /* Debug */,
				6558A7851C5C90AC00ACDF54 /* Release */,
			);
			defaultConfigurationIsVisible = 0;
			defaultConfigurationName = Release;
		};
		6558A7861C5C90AC00ACDF54 /* Build configuration list for PBXNativeTarget "HXPlaceHolderTextViewUITests" */ = {
			isa = XCConfigurationList;
			buildConfigurations = (
				6558A7871C5C90AC00ACDF54 /* Debug */,
				6558A7881C5C90AC00ACDF54 /* Release */,
			);
			defaultConfigurationIsVisible = 0;
			defaultConfigurationName = Release;
		};
/* End XCConfigurationList section */
	};
	rootObject = 6558A74B1C5C90AB00ACDF54 /* Project object */;
}
